
Microsoft Visual Studio Solution File, Format Version 12.00
# Visual Studio 15
VisualStudioVersion = 15.0.26730.12
MinimumVisualStudioVersion = 10.0.40219.1
Project("{FAE04EC0-301F-11D3-BF4B-00C04F79EFBC}") = "TestAPP21", "TestAPP21\TestAPP21.csproj", "{F8237EA1-9A84-43B9-B7A7-55C9F38117E7}"
EndProject
Global
	GlobalSection(SolutionConfigurationPlatforms) = preSolution
		Debug|Any CPU = Debug|Any CPU
		Release|Any CPU = Release|Any CPU
	EndGlobalSection
	GlobalSection(ProjectConfigurationPlatforms) = postSolution
		{F8237EA1-9A84-43B9-B7A7-55C9F38117E7}.Debug|Any CPU.ActiveCfg = Debug|Any CPU
		{F8237EA1-9A84-43B9-B7A7-55C9F38117E7}.Debug|Any CPU.Build.0 = Debug|Any CPU
		{F8237EA1-9A84-43B9-B7A7-55C9F38117E7}.Release|Any CPU.ActiveCfg = Release|Any CPU
		{F8237EA1-9A84-43B9-B7A7-55C9F38117E7}.Release|Any CPU.Build.0 = Release|Any CPU
	EndGlobalSection
	GlobalSection(SolutionProperties) = preSolution
		HideSolutionNode = FALSE
	EndGlobalSection
	GlobalSection(ExtensibilityGlobals) = postSolution
		SolutionGuid = {C8E580BF-9FE3-4C6A-827A-77C5EA732E91}
	EndGlobalSection
EndGlobal
